
Microsoft Visual Studio Solution File, Format Version 12.00
# Visual Studio Version 17
VisualStudioVersion = 17.11.35303.130
MinimumVisualStudioVersion = 10.0.40219.1
Project("{54A90642-561A-4BB1-A94E-469ADEE60C69}") = "Omniflex", "Omniflex.esproj", "{8432012D-DDC9-46A5-B912-FF0F568C398D}"
EndProject
Global
	GlobalSection(SolutionConfigurationPlatforms) = preSolution
		Debug|Any CPU = Debug|Any CPU
		Release|Any CPU = Release|Any CPU
	EndGlobalSection
	GlobalSection(ProjectConfigurationPlatforms) = postSolution
		{8432012D-DDC9-46A5-B912-FF0F568C398D}.Debug|Any CPU.ActiveCfg = Debug|Any CPU
		{8432012D-DDC9-46A5-B912-FF0F568C398D}.Debug|Any CPU.Build.0 = Debug|Any CPU
		{8432012D-DDC9-46A5-B912-FF0F568C398D}.Debug|Any CPU.Deploy.0 = Debug|Any CPU
		{8432012D-DDC9-46A5-B912-FF0F568C398D}.Release|Any CPU.ActiveCfg = Release|Any CPU
		{8432012D-DDC9-46A5-B912-FF0F568C398D}.Release|Any CPU.Build.0 = Release|Any CPU
		{8432012D-DDC9-46A5-B912-FF0F568C398D}.Release|Any CPU.Deploy.0 = Release|Any CPU
	EndGlobalSection
	GlobalSection(SolutionProperties) = preSolution
		HideSolutionNode = FALSE
	EndGlobalSection
	GlobalSection(ExtensibilityGlobals) = postSolution
		SolutionGuid = {1C946FC2-EF78-418F-AA6D-46D364771EDC}
	EndGlobalSection
EndGlobal
